
Microsoft Visual Studio Solution File, Format Version 12.00
# Visual Studio Version 17
VisualStudioVersion = 17.4.33103.184
MinimumVisualStudioVersion = 10.0.40219.1
Project("{FAE04EC0-301F-11D3-BF4B-00C04F79EFBC}") = "RentalCarsandBikes", "RentalCarsandBikes\RentalCarsandBikes.csproj", "{8C17F10B-EEF1-490C-A063-0C38CAB1D5F9}"
EndProject
Project("{FAE04EC0-301F-11D3-BF4B-00C04F79EFBC}") = "BAL", "BAL\BAL.csproj", "{B3DA91C7-2ABC-419D-80AD-8128CF03D359}"
EndProject
Project("{FAE04EC0-301F-11D3-BF4B-00C04F79EFBC}") = "DAL", "DAL\DAL.csproj", "{06627C7E-BD33-4174-90DC-45B21C7B3085}"
EndProject
Global
	GlobalSection(SolutionConfigurationPlatforms) = preSolution
		Debug|Any CPU = Debug|Any CPU
		Release|Any CPU = Release|Any CPU
	EndGlobalSection
	GlobalSection(ProjectConfigurationPlatforms) = postSolution
		{8C17F10B-EEF1-490C-A063-0C38CAB1D5F9}.Debug|Any CPU.ActiveCfg = Debug|Any CPU
		{8C17F10B-EEF1-490C-A063-0C38CAB1D5F9}.Debug|Any CPU.Build.0 = Debug|Any CPU
		{8C17F10B-EEF1-490C-A063-0C38CAB1D5F9}.Release|Any CPU.ActiveCfg = Release|Any CPU
		{8C17F10B-EEF1-490C-A063-0C38CAB1D5F9}.Release|Any CPU.Build.0 = Release|Any CPU
		{B3DA91C7-2ABC-419D-80AD-8128CF03D359}.Debug|Any CPU.ActiveCfg = Debug|Any CPU
		{B3DA91C7-2ABC-419D-80AD-8128CF03D359}.Debug|Any CPU.Build.0 = Debug|Any CPU
		{B3DA91C7-2ABC-419D-80AD-8128CF03D359}.Release|Any CPU.ActiveCfg = Release|Any CPU
		{B3DA91C7-2ABC-419D-80AD-8128CF03D359}.Release|Any CPU.Build.0 = Release|Any CPU
		{06627C7E-BD33-4174-90DC-45B21C7B3085}.Debug|Any CPU.ActiveCfg = Debug|Any CPU
		{06627C7E-BD33-4174-90DC-45B21C7B3085}.Debug|Any CPU.Build.0 = Debug|Any CPU
		{06627C7E-BD33-4174-90DC-45B21C7B3085}.Release|Any CPU.ActiveCfg = Release|Any CPU
		{06627C7E-BD33-4174-90DC-45B21C7B3085}.Release|Any CPU.Build.0 = Release|Any CPU
	EndGlobalSection
	GlobalSection(SolutionProperties) = preSolution
		HideSolutionNode = FALSE
	EndGlobalSection
	GlobalSection(ExtensibilityGlobals) = postSolution
		SolutionGuid = {C49B0625-4AF8-4554-B5FD-263F02150CFB}
	EndGlobalSection
EndGlobal
